
Microsoft Visual Studio Solution File, Format Version 12.00
# Visual Studio 15
VisualStudioVersion = 15.0.28307.1000
MinimumVisualStudioVersion = 10.0.40219.1
Project("{9A19103F-16F7-4668-BE54-9A1E7A4F7556}") = "Undersoft.Vegas.Sdk", "Undersoft.Vegas.Sdk\Undersoft.Vegas.Sdk.csproj", "{3A9581CF-70CD-4F3E-93AD-AB8DE7F045AF}"
EndProject
Project("{9A19103F-16F7-4668-BE54-9A1E7A4F7556}") = "Undersoft.Vegas.Sdk.Tests", "Undersoft.Vegas.SdkTests\Undersoft.Vegas.Sdk.Tests.csproj", "{C6273EB8-E20A-4692-8385-B1E78DA4B282}"
EndProject
Global
	GlobalSection(SolutionConfigurationPlatforms) = preSolution
		Debug|Any CPU = Debug|Any CPU
		Debug|x64 = Debug|x64
		Debug|x86 = Debug|x86
		Release|Any CPU = Release|Any CPU
		Release|x64 = Release|x64
		Release|x86 = Release|x86
	EndGlobalSection
	GlobalSection(ProjectConfigurationPlatforms) = postSolution
		{3A9581CF-70CD-4F3E-93AD-AB8DE7F045AF}.Debug|Any CPU.ActiveCfg = Debug|Any CPU
		{3A9581CF-70CD-4F3E-93AD-AB8DE7F045AF}.Debug|Any CPU.Build.0 = Debug|Any CPU
		{3A9581CF-70CD-4F3E-93AD-AB8DE7F045AF}.Debug|x64.ActiveCfg = Debug|x64
		{3A9581CF-70CD-4F3E-93AD-AB8DE7F045AF}.Debug|x64.Build.0 = Debug|x64
		{3A9581CF-70CD-4F3E-93AD-AB8DE7F045AF}.Debug|x86.ActiveCfg = Debug|x86
		{3A9581CF-70CD-4F3E-93AD-AB8DE7F045AF}.Debug|x86.Build.0 = Debug|x86
		{3A9581CF-70CD-4F3E-93AD-AB8DE7F045AF}.Release|Any CPU.ActiveCfg = Release|Any CPU
		{3A9581CF-70CD-4F3E-93AD-AB8DE7F045AF}.Release|Any CPU.Build.0 = Release|Any CPU
		{3A9581CF-70CD-4F3E-93AD-AB8DE7F045AF}.Release|x64.ActiveCfg = Release|x64
		{3A9581CF-70CD-4F3E-93AD-AB8DE7F045AF}.Release|x64.Build.0 = Release|x64
		{3A9581CF-70CD-4F3E-93AD-AB8DE7F045AF}.Release|x86.ActiveCfg = Release|x86
		{3A9581CF-70CD-4F3E-93AD-AB8DE7F045AF}.Release|x86.Build.0 = Release|x86
		{C6273EB8-E20A-4692-8385-B1E78DA4B282}.Debug|Any CPU.ActiveCfg = Debug|Any CPU
		{C6273EB8-E20A-4692-8385-B1E78DA4B282}.Debug|Any CPU.Build.0 = Debug|Any CPU
		{C6273EB8-E20A-4692-8385-B1E78DA4B282}.Debug|x64.ActiveCfg = Debug|x64
		{C6273EB8-E20A-4692-8385-B1E78DA4B282}.Debug|x64.Build.0 = Debug|x64
		{C6273EB8-E20A-4692-8385-B1E78DA4B282}.Debug|x86.ActiveCfg = Debug|x86
		{C6273EB8-E20A-4692-8385-B1E78DA4B282}.Debug|x86.Build.0 = Debug|x86
		{C6273EB8-E20A-4692-8385-B1E78DA4B282}.Release|Any CPU.ActiveCfg = Release|Any CPU
		{C6273EB8-E20A-4692-8385-B1E78DA4B282}.Release|Any CPU.Build.0 = Release|Any CPU
		{C6273EB8-E20A-4692-8385-B1E78DA4B282}.Release|x64.ActiveCfg = Release|x64
		{C6273EB8-E20A-4692-8385-B1E78DA4B282}.Release|x64.Build.0 = Release|x64
		{C6273EB8-E20A-4692-8385-B1E78DA4B282}.Release|x86.ActiveCfg = Release|x86
		{C6273EB8-E20A-4692-8385-B1E78DA4B282}.Release|x86.Build.0 = Release|x86
	EndGlobalSection
	GlobalSection(SolutionProperties) = preSolution
		HideSolutionNode = FALSE
	EndGlobalSection
	GlobalSection(ExtensibilityGlobals) = postSolution
		SolutionGuid = {4B416F45-8C1A-4329-998A-446B53E80B55}
	EndGlobalSection
EndGlobal
